
Microsoft Visual Studio Solution File, Format Version 12.00
# Visual Studio Version 16
VisualStudioVersion = 16.0.29905.134
MinimumVisualStudioVersion = 10.0.40219.1
Project("{FAE04EC0-301F-11D3-BF4B-00C04F79EFBC}") = "FotPatrimonial", "FotPatrimonial\FotPatrimonial.csproj", "{0F5C4551-FFC6-4F7D-BE27-18B57112AA3A}"
EndProject
Global
	GlobalSection(SolutionConfigurationPlatforms) = preSolution
		Debug|Any CPU = Debug|Any CPU
		Release|Any CPU = Release|Any CPU
	EndGlobalSection
	GlobalSection(ProjectConfigurationPlatforms) = postSolution
		{0F5C4551-FFC6-4F7D-BE27-18B57112AA3A}.Debug|Any CPU.ActiveCfg = Debug|Any CPU
		{0F5C4551-FFC6-4F7D-BE27-18B57112AA3A}.Debug|Any CPU.Build.0 = Debug|Any CPU
		{0F5C4551-FFC6-4F7D-BE27-18B57112AA3A}.Release|Any CPU.ActiveCfg = Release|Any CPU
		{0F5C4551-FFC6-4F7D-BE27-18B57112AA3A}.Release|Any CPU.Build.0 = Release|Any CPU
	EndGlobalSection
	GlobalSection(SolutionProperties) = preSolution
		HideSolutionNode = FALSE
	EndGlobalSection
	GlobalSection(ExtensibilityGlobals) = postSolution
		SolutionGuid = {DA2F3DA9-8A27-4EB9-A7DB-CA4C061820AF}
	EndGlobalSection
EndGlobal
